
Microsoft Visual Studio Solution File, Format Version 12.00
# Visual Studio Version 17
VisualStudioVersion = 17.1.32414.318
MinimumVisualStudioVersion = 10.0.40219.1
Project("{FAE04EC0-301F-11D3-BF4B-00C04F79EFBC}") = "TranslateAPIgoogle", "TranslateAPIgoogle\TranslateAPIgoogle.csproj", "{4473AE34-ADA7-41A7-B168-34DEEDC5C168}"
EndProject
Global
	GlobalSection(SolutionConfigurationPlatforms) = preSolution
		Debug|Any CPU = Debug|Any CPU
		Release|Any CPU = Release|Any CPU
	EndGlobalSection
	GlobalSection(ProjectConfigurationPlatforms) = postSolution
		{4473AE34-ADA7-41A7-B168-34DEEDC5C168}.Debug|Any CPU.ActiveCfg = Debug|Any CPU
		{4473AE34-ADA7-41A7-B168-34DEEDC5C168}.Debug|Any CPU.Build.0 = Debug|Any CPU
		{4473AE34-ADA7-41A7-B168-34DEEDC5C168}.Release|Any CPU.ActiveCfg = Release|Any CPU
		{4473AE34-ADA7-41A7-B168-34DEEDC5C168}.Release|Any CPU.Build.0 = Release|Any CPU
	EndGlobalSection
	GlobalSection(SolutionProperties) = preSolution
		HideSolutionNode = FALSE
	EndGlobalSection
	GlobalSection(ExtensibilityGlobals) = postSolution
		SolutionGuid = {6A0C7E8C-5BC7-4B2C-AC79-97001A90106C}
	EndGlobalSection
EndGlobal
